
Microsoft Visual Studio Solution File, Format Version 12.00
# Visual Studio Version 17
VisualStudioVersion = 17.3.32901.215
MinimumVisualStudioVersion = 10.0.40219.1
Project("{FAE04EC0-301F-11D3-BF4B-00C04F79EFBC}") = "CapaPresentacionAdmin", "CapaPresentacionAdmin\CapaPresentacionAdmin.csproj", "{15045241-8DA2-4B8E-996B-536AC0384228}"
EndProject
Project("{FAE04EC0-301F-11D3-BF4B-00C04F79EFBC}") = "CapaPresentacionTienda", "CapaPresentacionTienda\CapaPresentacionTienda.csproj", "{D10A5D0F-1838-483D-A198-16463BC39E29}"
EndProject
Project("{FAE04EC0-301F-11D3-BF4B-00C04F79EFBC}") = "CapaDatos", "CapaDatos\CapaDatos.csproj", "{75700717-1825-42C4-8E37-3DF70C1E3671}"
EndProject
Project("{FAE04EC0-301F-11D3-BF4B-00C04F79EFBC}") = "CapaEntidad", "CapaEntidad\CapaEntidad.csproj", "{C1AFE4D5-44A0-48CB-886B-B5BFCB28CA7A}"
EndProject
Project("{FAE04EC0-301F-11D3-BF4B-00C04F79EFBC}") = "CapaNegocio", "CapaNegocio\CapaNegocio.csproj", "{D67D2104-BD68-4C34-986D-554196EAD92F}"
EndProject
Global
	GlobalSection(SolutionConfigurationPlatforms) = preSolution
		Debug|Any CPU = Debug|Any CPU
		Release|Any CPU = Release|Any CPU
	EndGlobalSection
	GlobalSection(ProjectConfigurationPlatforms) = postSolution
		{15045241-8DA2-4B8E-996B-536AC0384228}.Debug|Any CPU.ActiveCfg = Debug|Any CPU
		{15045241-8DA2-4B8E-996B-536AC0384228}.Debug|Any CPU.Build.0 = Debug|Any CPU
		{15045241-8DA2-4B8E-996B-536AC0384228}.Release|Any CPU.ActiveCfg = Release|Any CPU
		{15045241-8DA2-4B8E-996B-536AC0384228}.Release|Any CPU.Build.0 = Release|Any CPU
		{D10A5D0F-1838-483D-A198-16463BC39E29}.Debug|Any CPU.ActiveCfg = Debug|Any CPU
		{D10A5D0F-1838-483D-A198-16463BC39E29}.Debug|Any CPU.Build.0 = Debug|Any CPU
		{D10A5D0F-1838-483D-A198-16463BC39E29}.Release|Any CPU.ActiveCfg = Release|Any CPU
		{D10A5D0F-1838-483D-A198-16463BC39E29}.Release|Any CPU.Build.0 = Release|Any CPU
		{75700717-1825-42C4-8E37-3DF70C1E3671}.Debug|Any CPU.ActiveCfg = Debug|Any CPU
		{75700717-1825-42C4-8E37-3DF70C1E3671}.Debug|Any CPU.Build.0 = Debug|Any CPU
		{75700717-1825-42C4-8E37-3DF70C1E3671}.Release|Any CPU.ActiveCfg = Release|Any CPU
		{75700717-1825-42C4-8E37-3DF70C1E3671}.Release|Any CPU.Build.0 = Release|Any CPU
		{C1AFE4D5-44A0-48CB-886B-B5BFCB28CA7A}.Debug|Any CPU.ActiveCfg = Debug|Any CPU
		{C1AFE4D5-44A0-48CB-886B-B5BFCB28CA7A}.Debug|Any CPU.Build.0 = Debug|Any CPU
		{C1AFE4D5-44A0-48CB-886B-B5BFCB28CA7A}.Release|Any CPU.ActiveCfg = Release|Any CPU
		{C1AFE4D5-44A0-48CB-886B-B5BFCB28CA7A}.Release|Any CPU.Build.0 = Release|Any CPU
		{D67D2104-BD68-4C34-986D-554196EAD92F}.Debug|Any CPU.ActiveCfg = Debug|Any CPU
		{D67D2104-BD68-4C34-986D-554196EAD92F}.Debug|Any CPU.Build.0 = Debug|Any CPU
		{D67D2104-BD68-4C34-986D-554196EAD92F}.Release|Any CPU.ActiveCfg = Release|Any CPU
		{D67D2104-BD68-4C34-986D-554196EAD92F}.Release|Any CPU.Build.0 = Release|Any CPU
	EndGlobalSection
	GlobalSection(SolutionProperties) = preSolution
		HideSolutionNode = FALSE
	EndGlobalSection
	GlobalSection(ExtensibilityGlobals) = postSolution
		SolutionGuid = {C4CF603C-664A-4DA7-8AF9-6BD78AB64D84}
	EndGlobalSection
EndGlobal
